
Microsoft Visual Studio Solution File, Format Version 12.00
# Visual Studio Version 17
VisualStudioVersion = 17.3.32929.385
MinimumVisualStudioVersion = 10.0.40219.1
Project("{FAE04EC0-301F-11D3-BF4B-00C04F79EFBC}") = "SourceGeneratorTest", "SourceGeneratorTest\SourceGeneratorTest.csproj", "{27D28DE5-F338-40E7-BEF2-5B3E604787A8}"
EndProject
Project("{FAE04EC0-301F-11D3-BF4B-00C04F79EFBC}") = "SourceGeneratorTest.Generators", "SourceGeneratorTest.Generators\SourceGeneratorTest.Generators.csproj", "{A982E97D-4EFB-4BA2-B79B-10F5A9BC041F}"
EndProject
Global
	GlobalSection(SolutionConfigurationPlatforms) = preSolution
		Debug|Any CPU = Debug|Any CPU
		Release|Any CPU = Release|Any CPU
	EndGlobalSection
	GlobalSection(ProjectConfigurationPlatforms) = postSolution
		{27D28DE5-F338-40E7-BEF2-5B3E604787A8}.Debug|Any CPU.ActiveCfg = Debug|Any CPU
		{27D28DE5-F338-40E7-BEF2-5B3E604787A8}.Debug|Any CPU.Build.0 = Debug|Any CPU
		{27D28DE5-F338-40E7-BEF2-5B3E604787A8}.Release|Any CPU.ActiveCfg = Release|Any CPU
		{27D28DE5-F338-40E7-BEF2-5B3E604787A8}.Release|Any CPU.Build.0 = Release|Any CPU
		{A982E97D-4EFB-4BA2-B79B-10F5A9BC041F}.Debug|Any CPU.ActiveCfg = Debug|Any CPU
		{A982E97D-4EFB-4BA2-B79B-10F5A9BC041F}.Debug|Any CPU.Build.0 = Debug|Any CPU
		{A982E97D-4EFB-4BA2-B79B-10F5A9BC041F}.Release|Any CPU.ActiveCfg = Release|Any CPU
		{A982E97D-4EFB-4BA2-B79B-10F5A9BC041F}.Release|Any CPU.Build.0 = Release|Any CPU
	EndGlobalSection
	GlobalSection(SolutionProperties) = preSolution
		HideSolutionNode = FALSE
	EndGlobalSection
	GlobalSection(ExtensibilityGlobals) = postSolution
		SolutionGuid = {3F6D86D5-01A2-4275-8EF8-5A5E45D8D9CB}
	EndGlobalSection
EndGlobal
